
Microsoft Visual Studio Solution File, Format Version 12.00
# Visual Studio Version 16
VisualStudioVersion = 16.0.29519.87
MinimumVisualStudioVersion = 10.0.40219.1
Project("{FAE04EC0-301F-11D3-BF4B-00C04F79EFBC}") = "NancyMetadataDemo", "NancyMetadataDemo\NancyMetadataDemo.csproj", "{951DB28E-F686-4212-8B63-E12A979E900D}"
EndProject
Global
	GlobalSection(SolutionConfigurationPlatforms) = preSolution
		Debug|Any CPU = Debug|Any CPU
		Release|Any CPU = Release|Any CPU
	EndGlobalSection
	GlobalSection(ProjectConfigurationPlatforms) = postSolution
		{951DB28E-F686-4212-8B63-E12A979E900D}.Debug|Any CPU.ActiveCfg = Debug|Any CPU
		{951DB28E-F686-4212-8B63-E12A979E900D}.Debug|Any CPU.Build.0 = Debug|Any CPU
		{951DB28E-F686-4212-8B63-E12A979E900D}.Release|Any CPU.ActiveCfg = Release|Any CPU
		{951DB28E-F686-4212-8B63-E12A979E900D}.Release|Any CPU.Build.0 = Release|Any CPU
	EndGlobalSection
	GlobalSection(SolutionProperties) = preSolution
		HideSolutionNode = FALSE
	EndGlobalSection
	GlobalSection(ExtensibilityGlobals) = postSolution
		SolutionGuid = {2655807F-C7EB-4396-990C-7ADC074544E8}
	EndGlobalSection
EndGlobal
